
Microsoft Visual Studio Solution File, Format Version 12.00
# Visual Studio Version 17
VisualStudioVersion = 17.9.34723.18
MinimumVisualStudioVersion = 10.0.40219.1
Project("{FAE04EC0-301F-11D3-BF4B-00C04F79EFBC}") = "UI", "UI\UI.csproj", "{07333D93-A739-4A26-B2EF-D81BEDF9B610}"
EndProject
Project("{FAE04EC0-301F-11D3-BF4B-00C04F79EFBC}") = "Domain", "Domain\Domain.csproj", "{62BD3C9F-1682-408A-B1F7-9A58339E2FAA}"
EndProject
Project("{FAE04EC0-301F-11D3-BF4B-00C04F79EFBC}") = "Business", "Business\Business.csproj", "{BC576525-2831-4D1A-88B6-307CE2FE84A8}"
EndProject
Project("{FAE04EC0-301F-11D3-BF4B-00C04F79EFBC}") = "DataAccess", "DataAccess\DataAccess.csproj", "{D5FC3DAC-0E14-478D-9422-0BD6AA84A0C0}"
EndProject
Global
	GlobalSection(SolutionConfigurationPlatforms) = preSolution
		Debug|Any CPU = Debug|Any CPU
		Release|Any CPU = Release|Any CPU
	EndGlobalSection
	GlobalSection(ProjectConfigurationPlatforms) = postSolution
		{07333D93-A739-4A26-B2EF-D81BEDF9B610}.Debug|Any CPU.ActiveCfg = Debug|Any CPU
		{07333D93-A739-4A26-B2EF-D81BEDF9B610}.Debug|Any CPU.Build.0 = Debug|Any CPU
		{07333D93-A739-4A26-B2EF-D81BEDF9B610}.Release|Any CPU.ActiveCfg = Release|Any CPU
		{07333D93-A739-4A26-B2EF-D81BEDF9B610}.Release|Any CPU.Build.0 = Release|Any CPU
		{62BD3C9F-1682-408A-B1F7-9A58339E2FAA}.Debug|Any CPU.ActiveCfg = Debug|Any CPU
		{62BD3C9F-1682-408A-B1F7-9A58339E2FAA}.Debug|Any CPU.Build.0 = Debug|Any CPU
		{62BD3C9F-1682-408A-B1F7-9A58339E2FAA}.Release|Any CPU.ActiveCfg = Release|Any CPU
		{62BD3C9F-1682-408A-B1F7-9A58339E2FAA}.Release|Any CPU.Build.0 = Release|Any CPU
		{BC576525-2831-4D1A-88B6-307CE2FE84A8}.Debug|Any CPU.ActiveCfg = Debug|Any CPU
		{BC576525-2831-4D1A-88B6-307CE2FE84A8}.Debug|Any CPU.Build.0 = Debug|Any CPU
		{BC576525-2831-4D1A-88B6-307CE2FE84A8}.Release|Any CPU.ActiveCfg = Release|Any CPU
		{BC576525-2831-4D1A-88B6-307CE2FE84A8}.Release|Any CPU.Build.0 = Release|Any CPU
		{D5FC3DAC-0E14-478D-9422-0BD6AA84A0C0}.Debug|Any CPU.ActiveCfg = Debug|Any CPU
		{D5FC3DAC-0E14-478D-9422-0BD6AA84A0C0}.Debug|Any CPU.Build.0 = Debug|Any CPU
		{D5FC3DAC-0E14-478D-9422-0BD6AA84A0C0}.Release|Any CPU.ActiveCfg = Release|Any CPU
		{D5FC3DAC-0E14-478D-9422-0BD6AA84A0C0}.Release|Any CPU.Build.0 = Release|Any CPU
	EndGlobalSection
	GlobalSection(SolutionProperties) = preSolution
		HideSolutionNode = FALSE
	EndGlobalSection
	GlobalSection(ExtensibilityGlobals) = postSolution
		SolutionGuid = {F666CB21-CBB9-4AFF-BA58-EBDA4F1053B4}
	EndGlobalSection
EndGlobal
